
Microsoft Visual Studio Solution File, Format Version 12.00
# Visual Studio Version 17
VisualStudioVersion = 17.14.36414.22
MinimumVisualStudioVersion = 10.0.40219.1
Project("{FAE04EC0-301F-11D3-BF4B-00C04F79EFBC}") = "EasyLoan.Api", "EasyLoan.Api\EasyLoan.Api.csproj", "{CDE8C6B4-7974-4C45-9315-7602FDC3BF9D}"
EndProject
Project("{FAE04EC0-301F-11D3-BF4B-00C04F79EFBC}") = "EasyLoan.Business", "EasyLoan.Business\EasyLoan.Business.csproj", "{0E357B42-631B-4B07-9683-7A05D7D23A0B}"
EndProject
Project("{FAE04EC0-301F-11D3-BF4B-00C04F79EFBC}") = "EasyLoan.DataAccess", "EasyLoan.DataAccess\EasyLoan.DataAccess.csproj", "{E2A035D1-1B13-4E98-9382-11310A13F0D6}"
EndProject
Project("{FAE04EC0-301F-11D3-BF4B-00C04F79EFBC}") = "EasyLoan.Dtos", "EasyLoan.Dtos\EasyLoan.Dtos.csproj", "{789CF751-5467-4D75-A123-83DE9421892F}"
EndProject
Project("{FAE04EC0-301F-11D3-BF4B-00C04F79EFBC}") = "EasyLoan.Models.Common", "EasyLoan.Models.Common\EasyLoan.Models.Common.csproj", "{4CF323B9-E8C0-44A5-882C-C8F59CFFA3BE}"
EndProject
Global
	GlobalSection(SolutionConfigurationPlatforms) = preSolution
		Debug|Any CPU = Debug|Any CPU
		Release|Any CPU = Release|Any CPU
	EndGlobalSection
	GlobalSection(ProjectConfigurationPlatforms) = postSolution
		{CDE8C6B4-7974-4C45-9315-7602FDC3BF9D}.Debug|Any CPU.ActiveCfg = Debug|Any CPU
		{CDE8C6B4-7974-4C45-9315-7602FDC3BF9D}.Debug|Any CPU.Build.0 = Debug|Any CPU
		{CDE8C6B4-7974-4C45-9315-7602FDC3BF9D}.Release|Any CPU.ActiveCfg = Release|Any CPU
		{CDE8C6B4-7974-4C45-9315-7602FDC3BF9D}.Release|Any CPU.Build.0 = Release|Any CPU
		{0E357B42-631B-4B07-9683-7A05D7D23A0B}.Debug|Any CPU.ActiveCfg = Debug|Any CPU
		{0E357B42-631B-4B07-9683-7A05D7D23A0B}.Debug|Any CPU.Build.0 = Debug|Any CPU
		{0E357B42-631B-4B07-9683-7A05D7D23A0B}.Release|Any CPU.ActiveCfg = Release|Any CPU
		{0E357B42-631B-4B07-9683-7A05D7D23A0B}.Release|Any CPU.Build.0 = Release|Any CPU
		{E2A035D1-1B13-4E98-9382-11310A13F0D6}.Debug|Any CPU.ActiveCfg = Debug|Any CPU
		{E2A035D1-1B13-4E98-9382-11310A13F0D6}.Debug|Any CPU.Build.0 = Debug|Any CPU
		{E2A035D1-1B13-4E98-9382-11310A13F0D6}.Release|Any CPU.ActiveCfg = Release|Any CPU
		{E2A035D1-1B13-4E98-9382-11310A13F0D6}.Release|Any CPU.Build.0 = Release|Any CPU
		{789CF751-5467-4D75-A123-83DE9421892F}.Debug|Any CPU.ActiveCfg = Debug|Any CPU
		{789CF751-5467-4D75-A123-83DE9421892F}.Debug|Any CPU.Build.0 = Debug|Any CPU
		{789CF751-5467-4D75-A123-83DE9421892F}.Release|Any CPU.ActiveCfg = Release|Any CPU
		{789CF751-5467-4D75-A123-83DE9421892F}.Release|Any CPU.Build.0 = Release|Any CPU
		{4CF323B9-E8C0-44A5-882C-C8F59CFFA3BE}.Debug|Any CPU.ActiveCfg = Debug|Any CPU
		{4CF323B9-E8C0-44A5-882C-C8F59CFFA3BE}.Debug|Any CPU.Build.0 = Debug|Any CPU
		{4CF323B9-E8C0-44A5-882C-C8F59CFFA3BE}.Release|Any CPU.ActiveCfg = Release|Any CPU
		{4CF323B9-E8C0-44A5-882C-C8F59CFFA3BE}.Release|Any CPU.Build.0 = Release|Any CPU
	EndGlobalSection
	GlobalSection(SolutionProperties) = preSolution
		HideSolutionNode = FALSE
	EndGlobalSection
	GlobalSection(ExtensibilityGlobals) = postSolution
		SolutionGuid = {7A8D151E-999D-4663-B89E-FA21AF919096}
	EndGlobalSection
EndGlobal
